
Microsoft Visual Studio Solution File, Format Version 12.00
# Visual Studio 15
VisualStudioVersion = 15.0.27130.2036
MinimumVisualStudioVersion = 10.0.40219.1
Project("{FAE04EC0-301F-11D3-BF4B-00C04F79EFBC}") = "TimeNetSync", "TimeNetSync\TimeNetSync.csproj", "{D8D463B8-F80C-42FA-BD9F-C1523CD6C1DC}"
EndProject
Project("{FAE04EC0-301F-11D3-BF4B-00C04F79EFBC}") = "TimeNetSyncTests", "TimeNetSyncTests\TimeNetSyncTests.csproj", "{E2279828-EF62-44EF-B548-D41E0E92E8CC}"
EndProject
Project("{2150E333-8FDC-42A3-9474-1A3956D46DE8}") = "Solution Items", "Solution Items", "{FD27E702-42C0-4D84-B7BC-CAC25EB0C905}"
	ProjectSection(SolutionItems) = preProject
		..\CODE_OF_CONDUCT.md = ..\CODE_OF_CONDUCT.md
		..\LICENSE = ..\LICENSE
		..\README.md = ..\README.md
	EndProjectSection
EndProject
Global
	GlobalSection(SolutionConfigurationPlatforms) = preSolution
		Debug|Any CPU = Debug|Any CPU
		Release|Any CPU = Release|Any CPU
	EndGlobalSection
	GlobalSection(ProjectConfigurationPlatforms) = postSolution
		{D8D463B8-F80C-42FA-BD9F-C1523CD6C1DC}.Debug|Any CPU.ActiveCfg = Debug|Any CPU
		{D8D463B8-F80C-42FA-BD9F-C1523CD6C1DC}.Debug|Any CPU.Build.0 = Debug|Any CPU
		{D8D463B8-F80C-42FA-BD9F-C1523CD6C1DC}.Release|Any CPU.ActiveCfg = Release|Any CPU
		{D8D463B8-F80C-42FA-BD9F-C1523CD6C1DC}.Release|Any CPU.Build.0 = Release|Any CPU
		{E2279828-EF62-44EF-B548-D41E0E92E8CC}.Debug|Any CPU.ActiveCfg = Debug|Any CPU
		{E2279828-EF62-44EF-B548-D41E0E92E8CC}.Debug|Any CPU.Build.0 = Debug|Any CPU
		{E2279828-EF62-44EF-B548-D41E0E92E8CC}.Release|Any CPU.ActiveCfg = Release|Any CPU
		{E2279828-EF62-44EF-B548-D41E0E92E8CC}.Release|Any CPU.Build.0 = Release|Any CPU
	EndGlobalSection
	GlobalSection(SolutionProperties) = preSolution
		HideSolutionNode = FALSE
	EndGlobalSection
	GlobalSection(ExtensibilityGlobals) = postSolution
		SolutionGuid = {E1B3E865-0FA7-43EA-AFBB-0033CE554352}
	EndGlobalSection
EndGlobal
